
Microsoft Visual Studio Solution File, Format Version 12.00
# Visual Studio Version 16
VisualStudioVersion = 16.0.32630.194
MinimumVisualStudioVersion = 10.0.40219.1
Project("{9A19103F-16F7-4668-BE54-9A1E7A4F7556}") = "GerenciadorDeTarefa.UI", "GerenciadorDeTarefa.UI\GerenciadorDeTarefa.UI.csproj", "{6711D42B-6095-4E9C-840A-9573DA143B00}"
EndProject
Project("{9A19103F-16F7-4668-BE54-9A1E7A4F7556}") = "GerenciadorDeTarefa.Domain", "GerenciadorDeTarefa.Domain\GerenciadorDeTarefa.Domain.csproj", "{16445E68-04B4-43E4-A556-9D4BF65E1644}"
EndProject
Global
	GlobalSection(SolutionConfigurationPlatforms) = preSolution
		Debug|Any CPU = Debug|Any CPU
		Release|Any CPU = Release|Any CPU
	EndGlobalSection
	GlobalSection(ProjectConfigurationPlatforms) = postSolution
		{6711D42B-6095-4E9C-840A-9573DA143B00}.Debug|Any CPU.ActiveCfg = Debug|Any CPU
		{6711D42B-6095-4E9C-840A-9573DA143B00}.Debug|Any CPU.Build.0 = Debug|Any CPU
		{6711D42B-6095-4E9C-840A-9573DA143B00}.Release|Any CPU.ActiveCfg = Release|Any CPU
		{6711D42B-6095-4E9C-840A-9573DA143B00}.Release|Any CPU.Build.0 = Release|Any CPU
		{16445E68-04B4-43E4-A556-9D4BF65E1644}.Debug|Any CPU.ActiveCfg = Debug|Any CPU
		{16445E68-04B4-43E4-A556-9D4BF65E1644}.Debug|Any CPU.Build.0 = Debug|Any CPU
		{16445E68-04B4-43E4-A556-9D4BF65E1644}.Release|Any CPU.ActiveCfg = Release|Any CPU
		{16445E68-04B4-43E4-A556-9D4BF65E1644}.Release|Any CPU.Build.0 = Release|Any CPU
	EndGlobalSection
	GlobalSection(SolutionProperties) = preSolution
		HideSolutionNode = FALSE
	EndGlobalSection
	GlobalSection(ExtensibilityGlobals) = postSolution
		SolutionGuid = {E8EBED93-9680-47F3-90D0-8926C8A08CAD}
	EndGlobalSection
EndGlobal
